<?xml version="1.0" encoding="utf-8"?>
<Project ToolsVersion="4.0" xmlns="http://schemas.microsoft.com/developer/msbuild/2003">
  <ItemGroup>
    <Filter Include="Source">
      <UniqueIdentifier>{99f9720b-262a-45e3-8860-35fd8cd4300e}</UniqueIdentifier>
    </Filter>
    <Filter Include="Headers">
      <UniqueIdentifier>{ddb3aff8-8af6-4423-8d3e-28b2f7d83b61}</UniqueIdentifier>
    </Filter>
  </ItemGroup>
  <ItemGroup>
    <CudaCompile Include="src\kernel.cu">
      <Filter>Source</Filter>
    </CudaCompile>
  </ItemGroup>
  <ItemGroup>
    <ClInclude Include="src\Camera.h">
      <Filter>Headers</Filter>
    </ClInclude>
    <ClInclude Include="src\GLShader.h">
      <Filter>Headers</Filter>
    </ClInclude>
    <ClInclude Include="src\Quad.h">
      <Filter>Headers</Filter>
    </ClInclude>
    <ClInclude Include="src\stb_image.h">
      <Filter>Headers</Filter>
    </ClInclude>
    <ClInclude Include="src\Texture.h">
      <Filter>Headers</Filter>
    </ClInclude>
  </ItemGroup>
  <ItemGroup>
    <ClCompile Include="src\Camera.cpp">
      <Filter>Source</Filter>
    </ClCompile>
    <ClCompile Include="src\GLShader.cpp">
      <Filter>Source</Filter>
    </ClCompile>
    <ClCompile Include="src\Quad.cpp">
      <Filter>Source</Filter>
    </ClCompile>
    <ClCompile Include="src\stb_image.cpp">
      <Filter>Source</Filter>
    </ClCompile>
  </ItemGroup>
</Project>